
Microsoft Visual Studio Solution File, Format Version 12.00
# Visual Studio Version 17
VisualStudioVersion = 17.0.31912.275
MinimumVisualStudioVersion = 10.0.40219.1
Project("{9A19103F-16F7-4668-BE54-9A1E7A4F7556}") = "MusixmatchClientLib", "MusixmatchClientLib\MusixmatchClientLib.csproj", "{8723FAB2-444E-436C-AEE7-08F929E7DBAF}"
EndProject
Project("{9A19103F-16F7-4668-BE54-9A1E7A4F7556}") = "MusixmatchClientLib.Tests", "MusixmatchClientLib.Tests\MusixmatchClientLib.Tests.csproj", "{CEEE7D72-DBA9-4878-AD17-DECCAD367CBD}"
EndProject
Project("{9A19103F-16F7-4668-BE54-9A1E7A4F7556}") = "MusixmatchClientLib.Dev", "MusixmatchClientLib.Dev\MusixmatchClientLib.Dev.csproj", "{B4A9E7D7-CE5B-4B5A-B05F-37E917B06704}"
EndProject
Global
	GlobalSection(SolutionConfigurationPlatforms) = preSolution
		Debug|Any CPU = Debug|Any CPU
		Debug|x86 = Debug|x86
		Release|Any CPU = Release|Any CPU
		Release|x86 = Release|x86
	EndGlobalSection
	GlobalSection(ProjectConfigurationPlatforms) = postSolution
		{8723FAB2-444E-436C-AEE7-08F929E7DBAF}.Debug|Any CPU.ActiveCfg = Debug|Any CPU
		{8723FAB2-444E-436C-AEE7-08F929E7DBAF}.Debug|Any CPU.Build.0 = Debug|Any CPU
		{8723FAB2-444E-436C-AEE7-08F929E7DBAF}.Debug|x86.ActiveCfg = Debug|x86
		{8723FAB2-444E-436C-AEE7-08F929E7DBAF}.Debug|x86.Build.0 = Debug|x86
		{8723FAB2-444E-436C-AEE7-08F929E7DBAF}.Release|Any CPU.ActiveCfg = Release|Any CPU
		{8723FAB2-444E-436C-AEE7-08F929E7DBAF}.Release|x86.ActiveCfg = Debug|x86
		{CEEE7D72-DBA9-4878-AD17-DECCAD367CBD}.Debug|Any CPU.ActiveCfg = Debug|Any CPU
		{CEEE7D72-DBA9-4878-AD17-DECCAD367CBD}.Debug|Any CPU.Build.0 = Debug|Any CPU
		{CEEE7D72-DBA9-4878-AD17-DECCAD367CBD}.Debug|x86.ActiveCfg = Debug|x86
		{CEEE7D72-DBA9-4878-AD17-DECCAD367CBD}.Debug|x86.Build.0 = Debug|x86
		{CEEE7D72-DBA9-4878-AD17-DECCAD367CBD}.Release|Any CPU.ActiveCfg = Release|Any CPU
		{CEEE7D72-DBA9-4878-AD17-DECCAD367CBD}.Release|Any CPU.Build.0 = Release|Any CPU
		{CEEE7D72-DBA9-4878-AD17-DECCAD367CBD}.Release|x86.ActiveCfg = Release|x86
		{CEEE7D72-DBA9-4878-AD17-DECCAD367CBD}.Release|x86.Build.0 = Release|x86
		{B4A9E7D7-CE5B-4B5A-B05F-37E917B06704}.Debug|Any CPU.ActiveCfg = Debug|Any CPU
		{B4A9E7D7-CE5B-4B5A-B05F-37E917B06704}.Debug|Any CPU.Build.0 = Debug|Any CPU
		{B4A9E7D7-CE5B-4B5A-B05F-37E917B06704}.Debug|x86.ActiveCfg = Debug|Any CPU
		{B4A9E7D7-CE5B-4B5A-B05F-37E917B06704}.Debug|x86.Build.0 = Debug|Any CPU
		{B4A9E7D7-CE5B-4B5A-B05F-37E917B06704}.Release|Any CPU.ActiveCfg = Release|Any CPU
		{B4A9E7D7-CE5B-4B5A-B05F-37E917B06704}.Release|Any CPU.Build.0 = Release|Any CPU
		{B4A9E7D7-CE5B-4B5A-B05F-37E917B06704}.Release|x86.ActiveCfg = Release|Any CPU
		{B4A9E7D7-CE5B-4B5A-B05F-37E917B06704}.Release|x86.Build.0 = Release|Any CPU
	EndGlobalSection
	GlobalSection(SolutionProperties) = preSolution
		HideSolutionNode = FALSE
	EndGlobalSection
	GlobalSection(ExtensibilityGlobals) = postSolution
		SolutionGuid = {1A43762F-4EEA-4E81-9EED-A6C06C01B9DB}
	EndGlobalSection
EndGlobal
